
Microsoft Visual Studio Solution File, Format Version 12.00
Project("{FAE04EC0-301F-11D3-BF4B-00C04F79EFBC}") = "AvoskaCore", "AvoskaCore\AvoskaCore.csproj", "{A5328713-1CA7-4788-86B0-68C40541249C}"
EndProject
Global
	GlobalSection(SolutionConfigurationPlatforms) = preSolution
		Debug|Any CPU = Debug|Any CPU
		Debug|x64 = Debug|x64
		Debug|x86 = Debug|x86
		Release|Any CPU = Release|Any CPU
		Release|x64 = Release|x64
		Release|x86 = Release|x86
	EndGlobalSection
	GlobalSection(ProjectConfigurationPlatforms) = postSolution
		{A5328713-1CA7-4788-86B0-68C40541249C}.Debug|Any CPU.ActiveCfg = Debug|Any CPU
		{A5328713-1CA7-4788-86B0-68C40541249C}.Debug|Any CPU.Build.0 = Debug|Any CPU
		{A5328713-1CA7-4788-86B0-68C40541249C}.Debug|x64.ActiveCfg = Debug|Any CPU
		{A5328713-1CA7-4788-86B0-68C40541249C}.Debug|x64.Build.0 = Debug|Any CPU
		{A5328713-1CA7-4788-86B0-68C40541249C}.Debug|x86.ActiveCfg = Debug|Any CPU
		{A5328713-1CA7-4788-86B0-68C40541249C}.Debug|x86.Build.0 = Debug|Any CPU
		{A5328713-1CA7-4788-86B0-68C40541249C}.Release|Any CPU.ActiveCfg = Release|Any CPU
		{A5328713-1CA7-4788-86B0-68C40541249C}.Release|Any CPU.Build.0 = Release|Any CPU
		{A5328713-1CA7-4788-86B0-68C40541249C}.Release|x64.ActiveCfg = Release|Any CPU
		{A5328713-1CA7-4788-86B0-68C40541249C}.Release|x64.Build.0 = Release|Any CPU
		{A5328713-1CA7-4788-86B0-68C40541249C}.Release|x86.ActiveCfg = Release|Any CPU
		{A5328713-1CA7-4788-86B0-68C40541249C}.Release|x86.Build.0 = Release|Any CPU
	EndGlobalSection
	GlobalSection(SolutionProperties) = preSolution
		HideSolutionNode = FALSE
	EndGlobalSection
	GlobalSection(NestedProjects) = preSolution
	EndGlobalSection
EndGlobal
